// !$*UTF8*$!
{
	archiveVersion = 1;
	classes = {
	};
	objectVersion = 51;
	objects = {

/* Begin PBXBuildFile section */
		B91DE110240607B000AE7302 /* GoogleService-Info.plist in Resources */ = {isa = PBXBuildFile; fileRef = B91DE10F240607B000AE7302 /* GoogleService-Info.plist */; };
		B91DE1132406083E00AE7302 /* Message.swift in Sources */ = {isa = PBXBuildFile; fileRef = B91DE1122406083E00AE7302 /* Message.swift */; };
		B91DE11524060A7E00AE7302 /* MessageController.swift in Sources */ = {isa = PBXBuildFile; fileRef = B91DE11424060A7E00AE7302 /* MessageController.swift */; };
		B91DE1172406B0AA00AE7302 /* Room.swift in Sources */ = {isa = PBXBuildFile; fileRef = B91DE1162406B0AA00AE7302 /* Room.swift */; };
		B91DE14124070DE500AE7302 /* MessageThreadTableViewController.swift in Sources */ = {isa = PBXBuildFile; fileRef = B91DE14024070DE500AE7302 /* MessageThreadTableViewController.swift */; };
		B91DE14324070DF700AE7302 /* CreateMessageThreadViewController.swift in Sources */ = {isa = PBXBuildFile; fileRef = B91DE14224070DF700AE7302 /* CreateMessageThreadViewController.swift */; };
		B9870CBD2405C1040020168A /* AppDelegate.swift in Sources */ = {isa = PBXBuildFile; fileRef = B9870CBC2405C1040020168A /* AppDelegate.swift */; };
		B9870CBF2405C1040020168A /* SceneDelegate.swift in Sources */ = {isa = PBXBuildFile; fileRef = B9870CBE2405C1040020168A /* SceneDelegate.swift */; };
		B9870CC12405C1040020168A /* MessageThreadDetailViewController.swift in Sources */ = {isa = PBXBuildFile; fileRef = B9870CC02405C1040020168A /* MessageThreadDetailViewController.swift */; };
		B9870CC42405C1040020168A /* Main.storyboard in Resources */ = {isa = PBXBuildFile; fileRef = B9870CC22405C1040020168A /* Main.storyboard */; };
		B9870CC62405C1060020168A /* Assets.xcassets in Resources */ = {isa = PBXBuildFile; fileRef = B9870CC52405C1060020168A /* Assets.xcassets */; };
		B9870CC92405C1060020168A /* LaunchScreen.storyboard in Resources */ = {isa = PBXBuildFile; fileRef = B9870CC72405C1060020168A /* LaunchScreen.storyboard */; };
		D0B89A62561C5C5D90C9756B /* Pods_FireMessage.framework in Frameworks */ = {isa = PBXBuildFile; fileRef = EDBE4F923B32F1925EF5821E /* Pods_FireMessage.framework */; };
/* End PBXBuildFile section */

/* Begin PBXFileReference section */
		48767F2108B7569281CBE032 /* Pods-FireMessage.release.xcconfig */ = {isa = PBXFileReference; includeInIndex = 1; lastKnownFileType = text.xcconfig; name = "Pods-FireMessage.release.xcconfig"; path = "Target Support Files/Pods-FireMessage/Pods-FireMessage.release.xcconfig"; sourceTree = "<group>"; };
		B91DE10F240607B000AE7302 /* GoogleService-Info.plist */ = {isa = PBXFileReference; fileEncoding = 4; lastKnownFileType = text.plist.xml; path = "GoogleService-Info.plist"; sourceTree = "<group>"; };
		B91DE1122406083E00AE7302 /* Message.swift */ = {isa = PBXFileReference; lastKnownFileType = sourcecode.swift; path = Message.swift; sourceTree = "<group>"; };
		B91DE11424060A7E00AE7302 /* MessageController.swift */ = {isa = PBXFileReference; lastKnownFileType = sourcecode.swift; path = MessageController.swift; sourceTree = "<group>"; };
		B91DE1162406B0AA00AE7302 /* Room.swift */ = {isa = PBXFileReference; lastKnownFileType = sourcecode.swift; path = Room.swift; sourceTree = "<group>"; };
		B91DE14024070DE500AE7302 /* MessageThreadTableViewController.swift */ = {isa = PBXFileReference; lastKnownFileType = sourcecode.swift; path = MessageThreadTableViewController.swift; sourceTree = "<group>"; };
		B91DE14224070DF700AE7302 /* CreateMessageThreadViewController.swift */ = {isa = PBXFileReference; lastKnownFileType = sourcecode.swift; path = CreateMessageThreadViewController.swift; sourceTree = "<group>"; };
		B9870CB92405C1040020168A /* FireMessage.app */ = {isa = PBXFileReference; explicitFileType = wrapper.application; includeInIndex = 0; path = FireMessage.app; sourceTree = BUILT_PRODUCTS_DIR; };
		B9870CBC2405C1040020168A /* AppDelegate.swift */ = {isa = PBXFileReference; lastKnownFileType = sourcecode.swift; path = AppDelegate.swift; sourceTree = "<group>"; };
		B9870CBE2405C1040020168A /* SceneDelegate.swift */ = {isa = PBXFileReference; lastKnownFileType = sourcecode.swift; path = SceneDelegate.swift; sourceTree = "<group>"; };
		B9870CC02405C1040020168A /* MessageThreadDetailViewController.swift */ = {isa = PBXFileReference; lastKnownFileType = sourcecode.swift; path = MessageThreadDetailViewController.swift; sourceTree = "<group>"; };
		B9870CC32405C1040020168A /* Base */ = {isa = PBXFileReference; lastKnownFileType = file.storyboard; name = Base; path = Base.lproj/Main.storyboard; sourceTree = "<group>"; };
		B9870CC52405C1060020168A /* Assets.xcassets */ = {isa = PBXFileReference; lastKnownFileType = folder.assetcatalog; path = Assets.xcassets; sourceTree = "<group>"; };
		B9870CC82405C1060020168A /* Base */ = {isa = PBXFileReference; lastKnownFileType = file.storyboard; name = Base; path = Base.lproj/LaunchScreen.storyboard; sourceTree = "<group>"; };
		B9870CCA2405C1060020168A /* Info.plist */ = {isa = PBXFileReference; lastKnownFileType = text.plist.xml; path = Info.plist; sourceTree = "<group>"; };
		EB77EA2036DD4CCA5AD3E38F /* Pods-FireMessage.debug.xcconfig */ = {isa = PBXFileReference; includeInIndex = 1; lastKnownFileType = text.xcconfig; name = "Pods-FireMessage.debug.xcconfig"; path = "Target Support Files/Pods-FireMessage/Pods-FireMessage.debug.xcconfig"; sourceTree = "<group>"; };
		EDBE4F923B32F1925EF5821E /* Pods_FireMessage.framework */ = {isa = PBXFileReference; explicitFileType = wrapper.framework; includeInIndex = 0; path = Pods_FireMessage.framework; sourceTree = BUILT_PRODUCTS_DIR; };
/* End PBXFileReference section */

/* Begin PBXFrameworksBuildPhase section */
		B9870CB62405C1040020168A /* Frameworks */ = {
			isa = PBXFrameworksBuildPhase;
			buildActionMask = 2147483647;
			files = (
				D0B89A62561C5C5D90C9756B /* Pods_FireMessage.framework in Frameworks */,
			);
			runOnlyForDeploymentPostprocessing = 0;
		};
/* End PBXFrameworksBuildPhase section */

/* Begin PBXGroup section */
		62C4417AA15A11F4E7D57665 /* Pods */ = {
			isa = PBXGroup;
			children = (
				EB77EA2036DD4CCA5AD3E38F /* Pods-FireMessage.debug.xcconfig */,
				48767F2108B7569281CBE032 /* Pods-FireMessage.release.xcconfig */,
			);
			path = Pods;
			sourceTree = "<group>";
		};
		A83FDEF013680D233A56E46B /* Frameworks */ = {
			isa = PBXGroup;
			children = (
				EDBE4F923B32F1925EF5821E /* Pods_FireMessage.framework */,
			);
			name = Frameworks;
			sourceTree = "<group>";
		};
		B91DE1112406082F00AE7302 /* Model */ = {
			isa = PBXGroup;
			children = (
				B91DE1122406083E00AE7302 /* Message.swift */,
				B91DE1162406B0AA00AE7302 /* Room.swift */,
			);
			path = Model;
			sourceTree = "<group>";
		};
		B9870CB02405C1040020168A = {
			isa = PBXGroup;
			children = (
				B9870CBB2405C1040020168A /* FireMessage */,
				B9870CBA2405C1040020168A /* Products */,
				62C4417AA15A11F4E7D57665 /* Pods */,
				A83FDEF013680D233A56E46B /* Frameworks */,
			);
			sourceTree = "<group>";
		};
		B9870CBA2405C1040020168A /* Products */ = {
			isa = PBXGroup;
			children = (
				B9870CB92405C1040020168A /* FireMessage.app */,
			);
			name = Products;
			sourceTree = "<group>";
		};
		B9870CBB2405C1040020168A /* FireMessage */ = {
			isa = PBXGroup;
			children = (
				B91DE1112406082F00AE7302 /* Model */,
				B9870CD6240606D40020168A /* View */,
				B9870CD8240606F00020168A /* Controller */,
				B9870CD2240606A10020168A /* Resources */,
			);
			path = FireMessage;
			sourceTree = "<group>";
		};
		B9870CD2240606A10020168A /* Resources */ = {
			isa = PBXGroup;
			children = (
				B9870CBC2405C1040020168A /* AppDelegate.swift */,
				B9870CC52405C1060020168A /* Assets.xcassets */,
				B9870CCA2405C1060020168A /* Info.plist */,
				B9870CBE2405C1040020168A /* SceneDelegate.swift */,
				B91DE10F240607B000AE7302 /* GoogleService-Info.plist */,
			);
			path = Resources;
			sourceTree = "<group>";
		};
		B9870CD4240606C50020168A /* View Controllers */ = {
			isa = PBXGroup;
			children = (
				B91DE14024070DE500AE7302 /* MessageThreadTableViewController.swift */,
				B91DE14224070DF700AE7302 /* CreateMessageThreadViewController.swift */,
				B9870CC02405C1040020168A /* MessageThreadDetailViewController.swift */,
			);
			path = "View Controllers";
			sourceTree = "<group>";
		};
		B9870CD5240606CD0020168A /* Storyboards */ = {
			isa = PBXGroup;
			children = (
				B9870CC22405C1040020168A /* Main.storyboard */,
				B9870CC72405C1060020168A /* LaunchScreen.storyboard */,
			);
			path = Storyboards;
			sourceTree = "<group>";
		};
		B9870CD6240606D40020168A /* View */ = {
			isa = PBXGroup;
			children = (
				B9870CD5240606CD0020168A /* Storyboards */,
			);
			path = View;
			sourceTree = "<group>";
		};
		B9870CD7240606DB0020168A /* Model Controllers */ = {
			isa = PBXGroup;
			children = (
				B91DE11424060A7E00AE7302 /* MessageController.swift */,
			);
			path = "Model Controllers";
			sourceTree = "<group>";
		};
		B9870CD8240606F00020168A /* Controller */ = {
			isa = PBXGroup;
			children = (
				B9870CD4240606C50020168A /* View Controllers */,
				B9870CD7240606DB0020168A /* Model Controllers */,
			);
			path = Controller;
			sourceTree = "<group>";
		};
/* End PBXGroup section */

/* Begin PBXNativeTarget section */
		B9870CB82405C1040020168A /* FireMessage */ = {
			isa = PBXNativeTarget;
			buildConfigurationList = B9870CCD2405C1060020168A /* Build configuration list for PBXNativeTarget "FireMessage" */;
			buildPhases = (
				D9834355BE661817DF95A7B9 /* [CP] Check Pods Manifest.lock */,
				B9870CB52405C1040020168A /* Sources */,
				B9870CB62405C1040020168A /* Frameworks */,
				B9870CB72405C1040020168A /* Resources */,
				1BF1559D98F6E7B7F2BC6C06 /* [CP] Embed Pods Frameworks */,
			);
			buildRules = (
			);
			dependencies = (
			);
			name = FireMessage;
			productName = FireMessage;
			productReference = B9870CB92405C1040020168A /* FireMessage.app */;
			productType = "com.apple.product-type.application";
		};
/* End PBXNativeTarget section */

/* Begin PBXProject section */
		B9870CB12405C1040020168A /* Project object */ = {
			isa = PBXProject;
			attributes = {
				LastSwiftUpdateCheck = 1130;
				LastUpgradeCheck = 1130;
				ORGANIZATIONNAME = "Hazy Studios";
				TargetAttributes = {
					B9870CB82405C1040020168A = {
						CreatedOnToolsVersion = 11.3.1;
					};
				};
			};
			buildConfigurationList = B9870CB42405C1040020168A /* Build configuration list for PBXProject "FireMessage" */;
			compatibilityVersion = "Xcode 9.3";
			developmentRegion = en;
			hasScannedForEncodings = 0;
			knownRegions = (
				en,
				Base,
			);
			mainGroup = B9870CB02405C1040020168A;
			productRefGroup = B9870CBA2405C1040020168A /* Products */;
			projectDirPath = "";
			projectRoot = "";
			targets = (
				B9870CB82405C1040020168A /* FireMessage */,
			);
		};
/* End PBXProject section */

/* Begin PBXResourcesBuildPhase section */
		B9870CB72405C1040020168A /* Resources */ = {
			isa = PBXResourcesBuildPhase;
			buildActionMask = 2147483647;
			files = (
				B9870CC92405C1060020168A /* LaunchScreen.storyboard in Resources */,
				B91DE110240607B000AE7302 /* GoogleService-Info.plist in Resources */,
				B9870CC62405C1060020168A /* Assets.xcassets in Resources */,
				B9870CC42405C1040020168A /* Main.storyboard in Resources */,
			);
			runOnlyForDeploymentPostprocessing = 0;
		};
/* End PBXResourcesBuildPhase section */

/* Begin PBXShellScriptBuildPhase section */
		1BF1559D98F6E7B7F2BC6C06 /* [CP] Embed Pods Frameworks */ = {
			isa = PBXShellScriptBuildPhase;
			buildActionMask = 2147483647;
			files = (
			);
			inputFileListPaths = (
				"${PODS_ROOT}/Target Support Files/Pods-FireMessage/Pods-FireMessage-frameworks-${CONFIGURATION}-input-files.xcfilelist",
			);
			name = "[CP] Embed Pods Frameworks";
			outputFileListPaths = (
				"${PODS_ROOT}/Target Support Files/Pods-FireMessage/Pods-FireMessage-frameworks-${CONFIGURATION}-output-files.xcfilelist",
			);
			runOnlyForDeploymentPostprocessing = 0;
			shellPath = /bin/sh;
			shellScript = "\"${PODS_ROOT}/Target Support Files/Pods-FireMessage/Pods-FireMessage-frameworks.sh\"\n";
			showEnvVarsInLog = 0;
		};
		D9834355BE661817DF95A7B9 /* [CP] Check Pods Manifest.lock */ = {
			isa = PBXShellScriptBuildPhase;
			buildActionMask = 2147483647;
			files = (
			);
			inputFileListPaths = (
			);
			inputPaths = (
				"${PODS_PODFILE_DIR_PATH}/Podfile.lock",
				"${PODS_ROOT}/Manifest.lock",
			);
			name = "[CP] Check Pods Manifest.lock";
			outputFileListPaths = (
			);
			outputPaths = (
				"$(DERIVED_FILE_DIR)/Pods-FireMessage-checkManifestLockResult.txt",
			);
			runOnlyForDeploymentPostprocessing = 0;
			shellPath = /bin/sh;
			shellScript = "diff \"${PODS_PODFILE_DIR_PATH}/Podfile.lock\" \"${PODS_ROOT}/Manifest.lock\" > /dev/null\nif [ $? != 0 ] ; then\n    # print error to STDERR\n    echo \"error: The sandbox is not in sync with the Podfile.lock. Run 'pod install' or update your CocoaPods installation.\" >&2\n    exit 1\nfi\n# This output is used by Xcode 'outputs' to avoid re-running this script phase.\necho \"SUCCESS\" > \"${SCRIPT_OUTPUT_FILE_0}\"\n";
			showEnvVarsInLog = 0;
		};
/* End PBXShellScriptBuildPhase section */

/* Begin PBXSourcesBuildPhase section */
		B9870CB52405C1040020168A /* Sources */ = {
			isa = PBXSourcesBuildPhase;
			buildActionMask = 2147483647;
			files = (
				B9870CC12405C1040020168A /* MessageThreadDetailViewController.swift in Sources */,
				B91DE1132406083E00AE7302 /* Message.swift in Sources */,
				B91DE14324070DF700AE7302 /* CreateMessageThreadViewController.swift in Sources */,
				B91DE1172406B0AA00AE7302 /* Room.swift in Sources */,
				B91DE11524060A7E00AE7302 /* MessageController.swift in Sources */,
				B9870CBD2405C1040020168A /* AppDelegate.swift in Sources */,
				B9870CBF2405C1040020168A /* SceneDelegate.swift in Sources */,
				B91DE14124070DE500AE7302 /* MessageThreadTableViewController.swift in Sources */,
			);
			runOnlyForDeploymentPostprocessing = 0;
		};
/* End PBXSourcesBuildPhase section */

/* Begin PBXVariantGroup section */
		B9870CC22405C1040020168A /* Main.storyboard */ = {
			isa = PBXVariantGroup;
			children = (
				B9870CC32405C1040020168A /* Base */,
			);
			name = Main.storyboard;
			sourceTree = "<group>";
		};
		B9870CC72405C1060020168A /* LaunchScreen.storyboard */ = {
			isa = PBXVariantGroup;
			children = (
				B9870CC82405C1060020168A /* Base */,
			);
			name = LaunchScreen.storyboard;
			sourceTree = "<group>";
		};
/* End PBXVariantGroup section */

/* Begin XCBuildConfiguration section */
		B9870CCB2405C1060020168A /* Debug */ = {
			isa = XCBuildConfiguration;
			buildSettings = {
				ALWAYS_SEARCH_USER_PATHS = NO;
				CLANG_ANALYZER_NONNULL = YES;
				CLANG_ANALYZER_NUMBER_OBJECT_CONVERSION = YES_AGGRESSIVE;
				CLANG_CXX_LANGUAGE_STANDARD = "gnu++14";
				CLANG_CXX_LIBRARY = "libc++";
				CLANG_ENABLE_MODULES = YES;
				CLANG_ENABLE_OBJC_ARC = YES;
				CLANG_ENABLE_OBJC_WEAK = YES;
				CLANG_WARN_BLOCK_CAPTURE_AUTORELEASING = YES;
				CLANG_WARN_BOOL_CONVERSION = YES;
				CLANG_WARN_COMMA = YES;
				CLANG_WARN_CONSTANT_CONVERSION = YES;
				CLANG_WARN_DEPRECATED_OBJC_IMPLEMENTATIONS = YES;
				CLANG_WARN_DIRECT_OBJC_ISA_USAGE = YES_ERROR;
				CLANG_WARN_DOCUMENTATION_COMMENTS = YES;
				CLANG_WARN_EMPTY_BODY = YES;
				CLANG_WARN_ENUM_CONVERSION = YES;
				CLANG_WARN_INFINITE_RECURSION = YES;
				CLANG_WARN_INT_CONVERSION = YES;
				CLANG_WARN_NON_LITERAL_NULL_CONVERSION = YES;
				CLANG_WARN_OBJC_IMPLICIT_RETAIN_SELF = YES;
				CLANG_WARN_OBJC_LITERAL_CONVERSION = YES;
				CLANG_WARN_OBJC_ROOT_CLASS = YES_ERROR;
				CLANG_WARN_RANGE_LOOP_ANALYSIS = YES;
				CLANG_WARN_STRICT_PROTOTYPES = YES;
				CLANG_WARN_SUSPICIOUS_MOVE = YES;
				CLANG_WARN_UNGUARDED_AVAILABILITY = YES_AGGRESSIVE;
				CLANG_WARN_UNREACHABLE_CODE = YES;
				CLANG_WARN__DUPLICATE_METHOD_MATCH = YES;
				COPY_PHASE_STRIP = NO;
				DEBUG_INFORMATION_FORMAT = dwarf;
				ENABLE_STRICT_OBJC_MSGSEND = YES;
				ENABLE_TESTABILITY = YES;
				GCC_C_LANGUAGE_STANDARD = gnu11;
				GCC_DYNAMIC_NO_PIC = NO;
				GCC_NO_COMMON_BLOCKS = YES;
				GCC_OPTIMIZATION_LEVEL = 0;
				GCC_PREPROCESSOR_DEFINITIONS = (
					"DEBUG=1",
					"$(inherited)",
				);
				GCC_WARN_64_TO_32_BIT_CONVERSION = YES;
				GCC_WARN_ABOUT_RETURN_TYPE = YES_ERROR;
				GCC_WARN_UNDECLARED_SELECTOR = YES;
				GCC_WARN_UNINITIALIZED_AUTOS = YES_AGGRESSIVE;
				GCC_WARN_UNUSED_FUNCTION = YES;
				GCC_WARN_UNUSED_VARIABLE = YES;
				IPHONEOS_DEPLOYMENT_TARGET = 13.2;
				MTL_ENABLE_DEBUG_INFO = INCLUDE_SOURCE;
				MTL_FAST_MATH = YES;
				ONLY_ACTIVE_ARCH = YES;
				SDKROOT = iphoneos;
				SWIFT_ACTIVE_COMPILATION_CONDITIONS = DEBUG;
				SWIFT_OPTIMIZATION_LEVEL = "-Onone";
			};
			name = Debug;
		};
		B9870CCC2405C1060020168A /* Release */ = {
			isa = XCBuildConfiguration;
			buildSettings = {
				ALWAYS_SEARCH_USER_PATHS = NO;
				CLANG_ANALYZER_NONNULL = YES;
				CLANG_ANALYZER_NUMBER_OBJECT_CONVERSION = YES_AGGRESSIVE;
				CLANG_CXX_LANGUAGE_STANDARD = "gnu++14";
				CLANG_CXX_LIBRARY = "libc++";
				CLANG_ENABLE_MODULES = YES;
				CLANG_ENABLE_OBJC_ARC = YES;
				CLANG_ENABLE_OBJC_WEAK = YES;
				CLANG_WARN_BLOCK_CAPTURE_AUTORELEASING = YES;
				CLANG_WARN_BOOL_CONVERSION = YES;
				CLANG_WARN_COMMA = YES;
				CLANG_WARN_CONSTANT_CONVERSION = YES;
				CLANG_WARN_DEPRECATED_OBJC_IMPLEMENTATIONS = YES;
				CLANG_WARN_DIRECT_OBJC_ISA_USAGE = YES_ERROR;
				CLANG_WARN_DOCUMENTATION_COMMENTS = YES;
				CLANG_WARN_EMPTY_BODY = YES;
				CLANG_WARN_ENUM_CONVERSION = YES;
				CLANG_WARN_INFINITE_RECURSION = YES;
				CLANG_WARN_INT_CONVERSION = YES;
				CLANG_WARN_NON_LITERAL_NULL_CONVERSION = YES;
				CLANG_WARN_OBJC_IMPLICIT_RETAIN_SELF = YES;
				CLANG_WARN_OBJC_LITERAL_CONVERSION = YES;
				CLANG_WARN_OBJC_ROOT_CLASS = YES_ERROR;
				CLANG_WARN_RANGE_LOOP_ANALYSIS = YES;
				CLANG_WARN_STRICT_PROTOTYPES = YES;
				CLANG_WARN_SUSPICIOUS_MOVE = YES;
				CLANG_WARN_UNGUARDED_AVAILABILITY = YES_AGGRESSIVE;
				CLANG_WARN_UNREACHABLE_CODE = YES;
				CLANG_WARN__DUPLICATE_METHOD_MATCH = YES;
				COPY_PHASE_STRIP = NO;
				DEBUG_INFORMATION_FORMAT = "dwarf-with-dsym";
				ENABLE_NS_ASSERTIONS = NO;
				ENABLE_STRICT_OBJC_MSGSEND = YES;
				GCC_C_LANGUAGE_STANDARD = gnu11;
				GCC_NO_COMMON_BLOCKS = YES;
				GCC_WARN_64_TO_32_BIT_CONVERSION = YES;
				GCC_WARN_ABOUT_RETURN_TYPE = YES_ERROR;
				GCC_WARN_UNDECLARED_SELECTOR = YES;
				GCC_WARN_UNINITIALIZED_AUTOS = YES_AGGRESSIVE;
				GCC_WARN_UNUSED_FUNCTION = YES;
				GCC_WARN_UNUSED_VARIABLE = YES;
				IPHONEOS_DEPLOYMENT_TARGET = 13.2;
				MTL_ENABLE_DEBUG_INFO = NO;
				MTL_FAST_MATH = YES;
				SDKROOT = iphoneos;
				SWIFT_COMPILATION_MODE = wholemodule;
				SWIFT_OPTIMIZATION_LEVEL = "-O";
				VALIDATE_PRODUCT = YES;
			};
			name = Release;
		};
		B9870CCE2405C1060020168A /* Debug */ = {
			isa = XCBuildConfiguration;
			baseConfigurationReference = EB77EA2036DD4CCA5AD3E38F /* Pods-FireMessage.debug.xcconfig */;
			buildSettings = {
				ASSETCATALOG_COMPILER_APPICON_NAME = AppIcon;
				CODE_SIGN_STYLE = Automatic;
				DEVELOPMENT_TEAM = 34P4RF23ET;
				INFOPLIST_FILE = FireMessage/Resources/Info.plist;
				LD_RUNPATH_SEARCH_PATHS = (
					"$(inherited)",
					"@executable_path/Frameworks",
				);
				PRODUCT_BUNDLE_IDENTIFIER = com.hazystudios.FireMessage;
				PRODUCT_NAME = "$(TARGET_NAME)";
				SWIFT_VERSION = 5.0;
				TARGETED_DEVICE_FAMILY = "1,2";
			};
			name = Debug;
		};
		B9870CCF2405C1060020168A /* Release */ = {
			isa = XCBuildConfiguration;
			baseConfigurationReference = 48767F2108B7569281CBE032 /* Pods-FireMessage.release.xcconfig */;
			buildSettings = {
				ASSETCATALOG_COMPILER_APPICON_NAME = AppIcon;
				CODE_SIGN_STYLE = Automatic;
				DEVELOPMENT_TEAM = 34P4RF23ET;
				INFOPLIST_FILE = FireMessage/Resources/Info.plist;
				LD_RUNPATH_SEARCH_PATHS = (
					"$(inherited)",
					"@executable_path/Frameworks",
				);
				PRODUCT_BUNDLE_IDENTIFIER = com.hazystudios.FireMessage;
				PRODUCT_NAME = "$(TARGET_NAME)";
				SWIFT_VERSION = 5.0;
				TARGETED_DEVICE_FAMILY = "1,2";
			};
			name = Release;
		};
/* End XCBuildConfiguration section */

/* Begin XCConfigurationList section */
		B9870CB42405C1040020168A /* Build configuration list for PBXProject "FireMessage" */ = {
			isa = XCConfigurationList;
			buildConfigurations = (
				B9870CCB2405C1060020168A /* Debug */,
				B9870CCC2405C1060020168A /* Release */,
			);
			defaultConfigurationIsVisible = 0;
			defaultConfigurationName = Release;
		};
		B9870CCD2405C1060020168A /* Build configuration list for PBXNativeTarget "FireMessage" */ = {
			isa = XCConfigurationList;
			buildConfigurations = (
				B9870CCE2405C1060020168A /* Debug */,
				B9870CCF2405C1060020168A /* Release */,
			);
			defaultConfigurationIsVisible = 0;
			defaultConfigurationName = Release;
		};
/* End XCConfigurationList section */
	};
	rootObject = B9870CB12405C1040020168A /* Project object */;
}
